
Microsoft Visual Studio Solution File, Format Version 12.00
# Visual Studio Version 17
VisualStudioVersion = 17.10.35013.160
MinimumVisualStudioVersion = 10.0.40219.1
Project("{FAE04EC0-301F-11D3-BF4B-00C04F79EFBC}") = "MultiThreading", "MultiThreading.csproj", "{C070AE26-FAEA-47D0-AC4E-D9DC7F7ED4A9}"
EndProject
Global
	GlobalSection(SolutionConfigurationPlatforms) = preSolution
		Debug|Any CPU = Debug|Any CPU
		Release|Any CPU = Release|Any CPU
	EndGlobalSection
	GlobalSection(ProjectConfigurationPlatforms) = postSolution
		{C070AE26-FAEA-47D0-AC4E-D9DC7F7ED4A9}.Debug|Any CPU.ActiveCfg = Debug|Any CPU
		{C070AE26-FAEA-47D0-AC4E-D9DC7F7ED4A9}.Debug|Any CPU.Build.0 = Debug|Any CPU
		{C070AE26-FAEA-47D0-AC4E-D9DC7F7ED4A9}.Release|Any CPU.ActiveCfg = Release|Any CPU
		{C070AE26-FAEA-47D0-AC4E-D9DC7F7ED4A9}.Release|Any CPU.Build.0 = Release|Any CPU
	EndGlobalSection
	GlobalSection(SolutionProperties) = preSolution
		HideSolutionNode = FALSE
	EndGlobalSection
	GlobalSection(ExtensibilityGlobals) = postSolution
		SolutionGuid = {8E784EFF-8F7E-4C14-8CF5-F0E46693468D}
	EndGlobalSection
EndGlobal
